
Microsoft Visual Studio Solution File, Format Version 12.00
# Visual Studio Version 17
VisualStudioVersion = 17.0.31903.59
MinimumVisualStudioVersion = 10.0.40219.1
Project("{FAE04EC0-301F-11D3-BF4B-00C04F79EFBC}") = "Projekat.Front", "Projekat.Front\Projekat.Front.csproj", "{70F69D12-3843-4758-AEC5-8744F6747A9A}"
EndProject
Global
	GlobalSection(SolutionConfigurationPlatforms) = preSolution
		Debug|Any CPU = Debug|Any CPU
		Release|Any CPU = Release|Any CPU
	EndGlobalSection
	GlobalSection(ProjectConfigurationPlatforms) = postSolution
		{70F69D12-3843-4758-AEC5-8744F6747A9A}.Debug|Any CPU.ActiveCfg = Debug|Any CPU
		{70F69D12-3843-4758-AEC5-8744F6747A9A}.Debug|Any CPU.Build.0 = Debug|Any CPU
		{70F69D12-3843-4758-AEC5-8744F6747A9A}.Release|Any CPU.ActiveCfg = Release|Any CPU
		{70F69D12-3843-4758-AEC5-8744F6747A9A}.Release|Any CPU.Build.0 = Release|Any CPU
	EndGlobalSection
	GlobalSection(SolutionProperties) = preSolution
		HideSolutionNode = FALSE
	EndGlobalSection
	GlobalSection(ExtensibilityGlobals) = postSolution
		SolutionGuid = {295809A6-A7B4-4267-8897-3DE0371F0217}
	EndGlobalSection
EndGlobal
